// !$*UTF8*$!
{
	archiveVersion = 1;
	classes = {
	};
	objectVersion = 50;
	objects = {

/* Begin PBXBuildFile section */
		4A775AD124C18C9C00BB2FF0 /* 数据结构.png in Resources */ = {isa = PBXBuildFile; fileRef = 4A775AD024C18C9C00BB2FF0 /* 数据结构.png */; };
		4A82A1F82497A10A00CD3B5A /* AppDelegate.m in Sources */ = {isa = PBXBuildFile; fileRef = 4A82A1F72497A10A00CD3B5A /* AppDelegate.m */; };
		4A82A1FB2497A10A00CD3B5A /* SceneDelegate.m in Sources */ = {isa = PBXBuildFile; fileRef = 4A82A1FA2497A10A00CD3B5A /* SceneDelegate.m */; };
		4A82A1FE2497A10A00CD3B5A /* ViewController.m in Sources */ = {isa = PBXBuildFile; fileRef = 4A82A1FD2497A10A00CD3B5A /* ViewController.m */; };
		4A82A2012497A10A00CD3B5A /* Main.storyboard in Resources */ = {isa = PBXBuildFile; fileRef = 4A82A1FF2497A10A00CD3B5A /* Main.storyboard */; };
		4A82A2032497A10F00CD3B5A /* Assets.xcassets in Resources */ = {isa = PBXBuildFile; fileRef = 4A82A2022497A10F00CD3B5A /* Assets.xcassets */; };
		4A82A2062497A10F00CD3B5A /* LaunchScreen.storyboard in Resources */ = {isa = PBXBuildFile; fileRef = 4A82A2042497A10F00CD3B5A /* LaunchScreen.storyboard */; };
		4A82A2092497A10F00CD3B5A /* main.m in Sources */ = {isa = PBXBuildFile; fileRef = 4A82A2082497A10F00CD3B5A /* main.m */; };
		4A82A2112497AA1400CD3B5A /* MBSequenceListViewController.m in Sources */ = {isa = PBXBuildFile; fileRef = 4A82A2102497AA1400CD3B5A /* MBSequenceListViewController.m */; };
		4A82A2132497AADF00CD3B5A /* MBSequenceListViewController.xib in Resources */ = {isa = PBXBuildFile; fileRef = 4A82A2122497AADF00CD3B5A /* MBSequenceListViewController.xib */; };
		4A8A796B24A3450000D086E9 /* MBBinaryTreeViewController.mm in Sources */ = {isa = PBXBuildFile; fileRef = 4A8A796A24A3450000D086E9 /* MBBinaryTreeViewController.mm */; };
		4A8A796D24A3452200D086E9 /* MBBinaryTreeViewController.xib in Resources */ = {isa = PBXBuildFile; fileRef = 4A8A796C24A3452200D086E9 /* MBBinaryTreeViewController.xib */; };
		4A8A797324A351EF00D086E9 /* MBStackViewController.mm in Sources */ = {isa = PBXBuildFile; fileRef = 4A8A797124A351EF00D086E9 /* MBStackViewController.mm */; };
		4A8A797424A351EF00D086E9 /* MBStackViewController.xib in Resources */ = {isa = PBXBuildFile; fileRef = 4A8A797224A351EF00D086E9 /* MBStackViewController.xib */; };
		4A8A797824A3526300D086E9 /* MBQueueViewController.mm in Sources */ = {isa = PBXBuildFile; fileRef = 4A8A797624A3526300D086E9 /* MBQueueViewController.mm */; };
		4A8A797924A3526300D086E9 /* MBQueueViewController.xib in Resources */ = {isa = PBXBuildFile; fileRef = 4A8A797724A3526300D086E9 /* MBQueueViewController.xib */; };
		4AD24F23249A33D90004FBA4 /* MBSingleLinkListViewController.m in Sources */ = {isa = PBXBuildFile; fileRef = 4AD24F21249A33D90004FBA4 /* MBSingleLinkListViewController.m */; };
		4AD24F24249A33D90004FBA4 /* MBSingleLinkListViewController.xib in Resources */ = {isa = PBXBuildFile; fileRef = 4AD24F22249A33D90004FBA4 /* MBSingleLinkListViewController.xib */; };
		4AD263AA249B984A0004FBA4 /* MBDoubleLinkListViewController.m in Sources */ = {isa = PBXBuildFile; fileRef = 4AD263A9249B984A0004FBA4 /* MBDoubleLinkListViewController.m */; };
		4AD263AC249B98EF0004FBA4 /* MBDoubleLinkListViewController.xib in Resources */ = {isa = PBXBuildFile; fileRef = 4AD263AB249B98EF0004FBA4 /* MBDoubleLinkListViewController.xib */; };
		4AE94D5224EFEFB20072B26C /* MBCacheViewController.m in Sources */ = {isa = PBXBuildFile; fileRef = 4AE94D5124EFEFB20072B26C /* MBCacheViewController.m */; };
		4AE94D5524EFEFC70072B26C /* MBLRUCache.m in Sources */ = {isa = PBXBuildFile; fileRef = 4AE94D5424EFEFC70072B26C /* MBLRUCache.m */; };
		4AE9FB2924ED4B2A0072B26C /* MBSortAlgorithmViewController.m in Sources */ = {isa = PBXBuildFile; fileRef = 4AE9FB2824ED4B2A0072B26C /* MBSortAlgorithmViewController.m */; };
		C2849F0729597E01009997F0 /* MBLowestCommonAncestorViewController.mm in Sources */ = {isa = PBXBuildFile; fileRef = C2849F0629597E01009997F0 /* MBLowestCommonAncestorViewController.mm */; };
		C2849F0A29597E48009997F0 /* MBDynamicProgrammingViewController.mm in Sources */ = {isa = PBXBuildFile; fileRef = C2849F0929597E48009997F0 /* MBDynamicProgrammingViewController.mm */; };
		C2DCC8C92B52C77F00BECD88 /* MBGreedyViewController.m in Sources */ = {isa = PBXBuildFile; fileRef = C2DCC8C82B52C77F00BECD88 /* MBGreedyViewController.m */; };
		C2DECDA92B4AB7FD00CEF9BC /* MBBacktrackViewController.m in Sources */ = {isa = PBXBuildFile; fileRef = C2DECDA82B4AB7FD00CEF9BC /* MBBacktrackViewController.m */; };
		F367DEE724A50ECB002556F0 /* MBStringViewController.mm in Sources */ = {isa = PBXBuildFile; fileRef = F367DEE624A50ECB002556F0 /* MBStringViewController.mm */; };
		F367DEE924A50EED002556F0 /* MBStringViewController.xib in Resources */ = {isa = PBXBuildFile; fileRef = F367DEE824A50EED002556F0 /* MBStringViewController.xib */; };
/* End PBXBuildFile section */

/* Begin PBXFileReference section */
		4A775AD024C18C9C00BB2FF0 /* 数据结构.png */ = {isa = PBXFileReference; lastKnownFileType = image.png; path = "数据结构.png"; sourceTree = "<group>"; };
		4A82A1F32497A10A00CD3B5A /* DataStructure.app */ = {isa = PBXFileReference; explicitFileType = wrapper.application; includeInIndex = 0; path = DataStructure.app; sourceTree = BUILT_PRODUCTS_DIR; };
		4A82A1F62497A10A00CD3B5A /* AppDelegate.h */ = {isa = PBXFileReference; lastKnownFileType = sourcecode.c.h; path = AppDelegate.h; sourceTree = "<group>"; };
		4A82A1F72497A10A00CD3B5A /* AppDelegate.m */ = {isa = PBXFileReference; lastKnownFileType = sourcecode.c.objc; path = AppDelegate.m; sourceTree = "<group>"; };
		4A82A1F92497A10A00CD3B5A /* SceneDelegate.h */ = {isa = PBXFileReference; lastKnownFileType = sourcecode.c.h; path = SceneDelegate.h; sourceTree = "<group>"; };
		4A82A1FA2497A10A00CD3B5A /* SceneDelegate.m */ = {isa = PBXFileReference; lastKnownFileType = sourcecode.c.objc; path = SceneDelegate.m; sourceTree = "<group>"; };
		4A82A1FC2497A10A00CD3B5A /* ViewController.h */ = {isa = PBXFileReference; lastKnownFileType = sourcecode.c.h; path = ViewController.h; sourceTree = "<group>"; };
		4A82A1FD2497A10A00CD3B5A /* ViewController.m */ = {isa = PBXFileReference; lastKnownFileType = sourcecode.c.objc; path = ViewController.m; sourceTree = "<group>"; };
		4A82A2002497A10A00CD3B5A /* Base */ = {isa = PBXFileReference; lastKnownFileType = file.storyboard; name = Base; path = Base.lproj/Main.storyboard; sourceTree = "<group>"; };
		4A82A2022497A10F00CD3B5A /* Assets.xcassets */ = {isa = PBXFileReference; lastKnownFileType = folder.assetcatalog; path = Assets.xcassets; sourceTree = "<group>"; };
		4A82A2052497A10F00CD3B5A /* Base */ = {isa = PBXFileReference; lastKnownFileType = file.storyboard; name = Base; path = Base.lproj/LaunchScreen.storyboard; sourceTree = "<group>"; };
		4A82A2072497A10F00CD3B5A /* Info.plist */ = {isa = PBXFileReference; lastKnownFileType = text.plist.xml; path = Info.plist; sourceTree = "<group>"; };
		4A82A2082497A10F00CD3B5A /* main.m */ = {isa = PBXFileReference; lastKnownFileType = sourcecode.c.objc; path = main.m; sourceTree = "<group>"; };
		4A82A20F2497AA1400CD3B5A /* MBSequenceListViewController.h */ = {isa = PBXFileReference; lastKnownFileType = sourcecode.c.h; path = MBSequenceListViewController.h; sourceTree = "<group>"; };
		4A82A2102497AA1400CD3B5A /* MBSequenceListViewController.m */ = {isa = PBXFileReference; lastKnownFileType = sourcecode.c.objc; path = MBSequenceListViewController.m; sourceTree = "<group>"; };
		4A82A2122497AADF00CD3B5A /* MBSequenceListViewController.xib */ = {isa = PBXFileReference; lastKnownFileType = file.xib; path = MBSequenceListViewController.xib; sourceTree = "<group>"; };
		4A8A796924A3450000D086E9 /* MBBinaryTreeViewController.h */ = {isa = PBXFileReference; lastKnownFileType = sourcecode.c.h; path = MBBinaryTreeViewController.h; sourceTree = "<group>"; };
		4A8A796A24A3450000D086E9 /* MBBinaryTreeViewController.mm */ = {isa = PBXFileReference; lastKnownFileType = sourcecode.cpp.objcpp; path = MBBinaryTreeViewController.mm; sourceTree = "<group>"; };
		4A8A796C24A3452200D086E9 /* MBBinaryTreeViewController.xib */ = {isa = PBXFileReference; lastKnownFileType = file.xib; path = MBBinaryTreeViewController.xib; sourceTree = "<group>"; };
		4A8A797024A351EF00D086E9 /* MBStackViewController.h */ = {isa = PBXFileReference; lastKnownFileType = sourcecode.c.h; path = MBStackViewController.h; sourceTree = "<group>"; };
		4A8A797124A351EF00D086E9 /* MBStackViewController.mm */ = {isa = PBXFileReference; lastKnownFileType = sourcecode.cpp.objcpp; path = MBStackViewController.mm; sourceTree = "<group>"; };
		4A8A797224A351EF00D086E9 /* MBStackViewController.xib */ = {isa = PBXFileReference; lastKnownFileType = file.xib; path = MBStackViewController.xib; sourceTree = "<group>"; };
		4A8A797524A3526300D086E9 /* MBQueueViewController.h */ = {isa = PBXFileReference; lastKnownFileType = sourcecode.c.h; path = MBQueueViewController.h; sourceTree = "<group>"; };
		4A8A797624A3526300D086E9 /* MBQueueViewController.mm */ = {isa = PBXFileReference; lastKnownFileType = sourcecode.cpp.objcpp; path = MBQueueViewController.mm; sourceTree = "<group>"; };
		4A8A797724A3526300D086E9 /* MBQueueViewController.xib */ = {isa = PBXFileReference; lastKnownFileType = file.xib; path = MBQueueViewController.xib; sourceTree = "<group>"; };
		4AD24F20249A33D90004FBA4 /* MBSingleLinkListViewController.h */ = {isa = PBXFileReference; lastKnownFileType = sourcecode.c.h; path = MBSingleLinkListViewController.h; sourceTree = "<group>"; };
		4AD24F21249A33D90004FBA4 /* MBSingleLinkListViewController.m */ = {isa = PBXFileReference; lastKnownFileType = sourcecode.c.objc; path = MBSingleLinkListViewController.m; sourceTree = "<group>"; };
		4AD24F22249A33D90004FBA4 /* MBSingleLinkListViewController.xib */ = {isa = PBXFileReference; lastKnownFileType = file.xib; path = MBSingleLinkListViewController.xib; sourceTree = "<group>"; };
		4AD263A8249B984A0004FBA4 /* MBDoubleLinkListViewController.h */ = {isa = PBXFileReference; lastKnownFileType = sourcecode.c.h; path = MBDoubleLinkListViewController.h; sourceTree = "<group>"; };
		4AD263A9249B984A0004FBA4 /* MBDoubleLinkListViewController.m */ = {isa = PBXFileReference; lastKnownFileType = sourcecode.c.objc; path = MBDoubleLinkListViewController.m; sourceTree = "<group>"; };
		4AD263AB249B98EF0004FBA4 /* MBDoubleLinkListViewController.xib */ = {isa = PBXFileReference; lastKnownFileType = file.xib; path = MBDoubleLinkListViewController.xib; sourceTree = "<group>"; };
		4AE94D5024EFEFB20072B26C /* MBCacheViewController.h */ = {isa = PBXFileReference; lastKnownFileType = sourcecode.c.h; path = MBCacheViewController.h; sourceTree = "<group>"; };
		4AE94D5124EFEFB20072B26C /* MBCacheViewController.m */ = {isa = PBXFileReference; lastKnownFileType = sourcecode.c.objc; path = MBCacheViewController.m; sourceTree = "<group>"; };
		4AE94D5324EFEFC70072B26C /* MBLRUCache.h */ = {isa = PBXFileReference; lastKnownFileType = sourcecode.c.h; path = MBLRUCache.h; sourceTree = "<group>"; };
		4AE94D5424EFEFC70072B26C /* MBLRUCache.m */ = {isa = PBXFileReference; lastKnownFileType = sourcecode.c.objc; path = MBLRUCache.m; sourceTree = "<group>"; };
		4AE9FB2724ED4B2A0072B26C /* MBSortAlgorithmViewController.h */ = {isa = PBXFileReference; lastKnownFileType = sourcecode.c.h; path = MBSortAlgorithmViewController.h; sourceTree = "<group>"; };
		4AE9FB2824ED4B2A0072B26C /* MBSortAlgorithmViewController.m */ = {isa = PBXFileReference; lastKnownFileType = sourcecode.c.objc; path = MBSortAlgorithmViewController.m; sourceTree = "<group>"; };
		C2849F0529597E01009997F0 /* MBLowestCommonAncestorViewController.h */ = {isa = PBXFileReference; lastKnownFileType = sourcecode.c.h; path = MBLowestCommonAncestorViewController.h; sourceTree = "<group>"; };
		C2849F0629597E01009997F0 /* MBLowestCommonAncestorViewController.mm */ = {isa = PBXFileReference; lastKnownFileType = sourcecode.cpp.objcpp; path = MBLowestCommonAncestorViewController.mm; sourceTree = "<group>"; };
		C2849F0829597E48009997F0 /* MBDynamicProgrammingViewController.h */ = {isa = PBXFileReference; lastKnownFileType = sourcecode.c.h; path = MBDynamicProgrammingViewController.h; sourceTree = "<group>"; };
		C2849F0929597E48009997F0 /* MBDynamicProgrammingViewController.mm */ = {isa = PBXFileReference; lastKnownFileType = sourcecode.cpp.objcpp; path = MBDynamicProgrammingViewController.mm; sourceTree = "<group>"; };
		C2849F0C2959B702009997F0 /* libc++.tbd */ = {isa = PBXFileReference; lastKnownFileType = "sourcecode.text-based-dylib-definition"; name = "libc++.tbd"; path = "usr/lib/libc++.tbd"; sourceTree = SDKROOT; };
		C2DCC8C72B52C77F00BECD88 /* MBGreedyViewController.h */ = {isa = PBXFileReference; lastKnownFileType = sourcecode.c.h; path = MBGreedyViewController.h; sourceTree = "<group>"; };
		C2DCC8C82B52C77F00BECD88 /* MBGreedyViewController.m */ = {isa = PBXFileReference; lastKnownFileType = sourcecode.c.objc; path = MBGreedyViewController.m; sourceTree = "<group>"; };
		C2DECDA72B4AB7FD00CEF9BC /* MBBacktrackViewController.h */ = {isa = PBXFileReference; lastKnownFileType = sourcecode.c.h; path = MBBacktrackViewController.h; sourceTree = "<group>"; };
		C2DECDA82B4AB7FD00CEF9BC /* MBBacktrackViewController.m */ = {isa = PBXFileReference; lastKnownFileType = sourcecode.c.objc; path = MBBacktrackViewController.m; sourceTree = "<group>"; };
		F367DEE524A50ECB002556F0 /* MBStringViewController.h */ = {isa = PBXFileReference; lastKnownFileType = sourcecode.c.h; path = MBStringViewController.h; sourceTree = "<group>"; };
		F367DEE624A50ECB002556F0 /* MBStringViewController.mm */ = {isa = PBXFileReference; lastKnownFileType = sourcecode.cpp.objcpp; path = MBStringViewController.mm; sourceTree = "<group>"; };
		F367DEE824A50EED002556F0 /* MBStringViewController.xib */ = {isa = PBXFileReference; lastKnownFileType = file.xib; path = MBStringViewController.xib; sourceTree = "<group>"; };
/* End PBXFileReference section */

/* Begin PBXFrameworksBuildPhase section */
		4A82A1F02497A10A00CD3B5A /* Frameworks */ = {
			isa = PBXFrameworksBuildPhase;
			buildActionMask = 2147483647;
			files = (
			);
			runOnlyForDeploymentPostprocessing = 0;
		};
/* End PBXFrameworksBuildPhase section */

/* Begin PBXGroup section */
		4A82A1EA2497A10A00CD3B5A = {
			isa = PBXGroup;
			children = (
				4A82A1F52497A10A00CD3B5A /* DataStructure */,
				4A82A1F42497A10A00CD3B5A /* Products */,
				C2849F0B2959B701009997F0 /* Frameworks */,
			);
			sourceTree = "<group>";
		};
		4A82A1F42497A10A00CD3B5A /* Products */ = {
			isa = PBXGroup;
			children = (
				4A82A1F32497A10A00CD3B5A /* DataStructure.app */,
			);
			name = Products;
			sourceTree = "<group>";
		};
		4A82A1F52497A10A00CD3B5A /* DataStructure */ = {
			isa = PBXGroup;
			children = (
				4A82A1F62497A10A00CD3B5A /* AppDelegate.h */,
				4A82A1F72497A10A00CD3B5A /* AppDelegate.m */,
				4A82A1F92497A10A00CD3B5A /* SceneDelegate.h */,
				4A82A1FA2497A10A00CD3B5A /* SceneDelegate.m */,
				4A82A1FC2497A10A00CD3B5A /* ViewController.h */,
				4A82A1FD2497A10A00CD3B5A /* ViewController.m */,
				C2DCC8C62B52C74200BECD88 /* 贪心算法 */,
				C2DECDA62B4AB7D900CEF9BC /* 回溯算法 */,
				C2849F0429597CF4009997F0 /* 动态规划 */,
				C2849F0329597CD9009997F0 /* 最近公共祖先 */,
				4AE94D4F24EFEF890072B26C /* 缓存 */,
				4AE9FB2624ED4AB30072B26C /* 排序 */,
				4A82A5922497B1FC00CD3B5A /* 顺序表 */,
				4AD24F1F249A334E0004FBA4 /* 单链表 */,
				4AD263A7249B980D0004FBA4 /* 双链表 */,
				4A8A796E24A351B300D086E9 /* 栈 */,
				4A8A796F24A351BC00D086E9 /* 队列 */,
				F367DEE424A50E90002556F0 /* 串 */,
				4A8A796824A344AF00D086E9 /* 二叉树 */,
				4A82A1FF2497A10A00CD3B5A /* Main.storyboard */,
				4A82A2022497A10F00CD3B5A /* Assets.xcassets */,
				4A82A2042497A10F00CD3B5A /* LaunchScreen.storyboard */,
				4A82A2072497A10F00CD3B5A /* Info.plist */,
				4A775AD024C18C9C00BB2FF0 /* 数据结构.png */,
				4A82A2082497A10F00CD3B5A /* main.m */,
			);
			path = DataStructure;
			sourceTree = "<group>";
		};
		4A82A5922497B1FC00CD3B5A /* 顺序表 */ = {
			isa = PBXGroup;
			children = (
				4A82A20F2497AA1400CD3B5A /* MBSequenceListViewController.h */,
				4A82A2102497AA1400CD3B5A /* MBSequenceListViewController.m */,
				4A82A2122497AADF00CD3B5A /* MBSequenceListViewController.xib */,
			);
			path = "顺序表";
			sourceTree = "<group>";
		};
		4A8A796824A344AF00D086E9 /* 二叉树 */ = {
			isa = PBXGroup;
			children = (
				4A8A796924A3450000D086E9 /* MBBinaryTreeViewController.h */,
				4A8A796A24A3450000D086E9 /* MBBinaryTreeViewController.mm */,
				4A8A796C24A3452200D086E9 /* MBBinaryTreeViewController.xib */,
			);
			path = "二叉树";
			sourceTree = "<group>";
		};
		4A8A796E24A351B300D086E9 /* 栈 */ = {
			isa = PBXGroup;
			children = (
				4A8A797024A351EF00D086E9 /* MBStackViewController.h */,
				4A8A797124A351EF00D086E9 /* MBStackViewController.mm */,
				4A8A797224A351EF00D086E9 /* MBStackViewController.xib */,
			);
			path = "栈";
			sourceTree = "<group>";
		};
		4A8A796F24A351BC00D086E9 /* 队列 */ = {
			isa = PBXGroup;
			children = (
				4A8A797524A3526300D086E9 /* MBQueueViewController.h */,
				4A8A797624A3526300D086E9 /* MBQueueViewController.mm */,
				4A8A797724A3526300D086E9 /* MBQueueViewController.xib */,
			);
			path = "队列";
			sourceTree = "<group>";
		};
		4AD24F1F249A334E0004FBA4 /* 单链表 */ = {
			isa = PBXGroup;
			children = (
				4AD24F20249A33D90004FBA4 /* MBSingleLinkListViewController.h */,
				4AD24F21249A33D90004FBA4 /* MBSingleLinkListViewController.m */,
				4AD24F22249A33D90004FBA4 /* MBSingleLinkListViewController.xib */,
			);
			path = "单链表";
			sourceTree = "<group>";
		};
		4AD263A7249B980D0004FBA4 /* 双链表 */ = {
			isa = PBXGroup;
			children = (
				4AD263A8249B984A0004FBA4 /* MBDoubleLinkListViewController.h */,
				4AD263A9249B984A0004FBA4 /* MBDoubleLinkListViewController.m */,
				4AD263AB249B98EF0004FBA4 /* MBDoubleLinkListViewController.xib */,
			);
			path = "双链表";
			sourceTree = "<group>";
		};
		4AE94D4F24EFEF890072B26C /* 缓存 */ = {
			isa = PBXGroup;
			children = (
				4AE94D5024EFEFB20072B26C /* MBCacheViewController.h */,
				4AE94D5124EFEFB20072B26C /* MBCacheViewController.m */,
				4AE94D5324EFEFC70072B26C /* MBLRUCache.h */,
				4AE94D5424EFEFC70072B26C /* MBLRUCache.m */,
			);
			path = "缓存";
			sourceTree = "<group>";
		};
		4AE9FB2624ED4AB30072B26C /* 排序 */ = {
			isa = PBXGroup;
			children = (
				4AE9FB2724ED4B2A0072B26C /* MBSortAlgorithmViewController.h */,
				4AE9FB2824ED4B2A0072B26C /* MBSortAlgorithmViewController.m */,
			);
			path = "排序";
			sourceTree = "<group>";
		};
		C2849F0329597CD9009997F0 /* 最近公共祖先 */ = {
			isa = PBXGroup;
			children = (
				C2849F0529597E01009997F0 /* MBLowestCommonAncestorViewController.h */,
				C2849F0629597E01009997F0 /* MBLowestCommonAncestorViewController.mm */,
			);
			path = "最近公共祖先";
			sourceTree = "<group>";
		};
		C2849F0429597CF4009997F0 /* 动态规划 */ = {
			isa = PBXGroup;
			children = (
				C2849F0829597E48009997F0 /* MBDynamicProgrammingViewController.h */,
				C2849F0929597E48009997F0 /* MBDynamicProgrammingViewController.mm */,
			);
			path = "动态规划";
			sourceTree = "<group>";
		};
		C2849F0B2959B701009997F0 /* Frameworks */ = {
			isa = PBXGroup;
			children = (
				C2849F0C2959B702009997F0 /* libc++.tbd */,
			);
			name = Frameworks;
			sourceTree = "<group>";
		};
		C2DCC8C62B52C74200BECD88 /* 贪心算法 */ = {
			isa = PBXGroup;
			children = (
				C2DCC8C72B52C77F00BECD88 /* MBGreedyViewController.h */,
				C2DCC8C82B52C77F00BECD88 /* MBGreedyViewController.m */,
			);
			path = "贪心算法";
			sourceTree = "<group>";
		};
		C2DECDA62B4AB7D900CEF9BC /* 回溯算法 */ = {
			isa = PBXGroup;
			children = (
				C2DECDA72B4AB7FD00CEF9BC /* MBBacktrackViewController.h */,
				C2DECDA82B4AB7FD00CEF9BC /* MBBacktrackViewController.m */,
			);
			path = "回溯算法";
			sourceTree = "<group>";
		};
		F367DEE424A50E90002556F0 /* 串 */ = {
			isa = PBXGroup;
			children = (
				F367DEE524A50ECB002556F0 /* MBStringViewController.h */,
				F367DEE624A50ECB002556F0 /* MBStringViewController.mm */,
				F367DEE824A50EED002556F0 /* MBStringViewController.xib */,
			);
			path = "串";
			sourceTree = "<group>";
		};
/* End PBXGroup section */

/* Begin PBXNativeTarget section */
		4A82A1F22497A10A00CD3B5A /* DataStructure */ = {
			isa = PBXNativeTarget;
			buildConfigurationList = 4A82A20C2497A10F00CD3B5A /* Build configuration list for PBXNativeTarget "DataStructure" */;
			buildPhases = (
				4A82A1EF2497A10A00CD3B5A /* Sources */,
				4A82A1F02497A10A00CD3B5A /* Frameworks */,
				4A82A1F12497A10A00CD3B5A /* Resources */,
			);
			buildRules = (
			);
			dependencies = (
			);
			name = DataStructure;
			productName = DataStructure;
			productReference = 4A82A1F32497A10A00CD3B5A /* DataStructure.app */;
			productType = "com.apple.product-type.application";
		};
/* End PBXNativeTarget section */

/* Begin PBXProject section */
		4A82A1EB2497A10A00CD3B5A /* Project object */ = {
			isa = PBXProject;
			attributes = {
				LastUpgradeCheck = 1150;
				ORGANIZATIONNAME = inke;
				TargetAttributes = {
					4A82A1F22497A10A00CD3B5A = {
						CreatedOnToolsVersion = 11.5;
					};
				};
			};
			buildConfigurationList = 4A82A1EE2497A10A00CD3B5A /* Build configuration list for PBXProject "DataStructure" */;
			compatibilityVersion = "Xcode 9.3";
			developmentRegion = en;
			hasScannedForEncodings = 0;
			knownRegions = (
				en,
				Base,
			);
			mainGroup = 4A82A1EA2497A10A00CD3B5A;
			productRefGroup = 4A82A1F42497A10A00CD3B5A /* Products */;
			projectDirPath = "";
			projectRoot = "";
			targets = (
				4A82A1F22497A10A00CD3B5A /* DataStructure */,
			);
		};
/* End PBXProject section */

/* Begin PBXResourcesBuildPhase section */
		4A82A1F12497A10A00CD3B5A /* Resources */ = {
			isa = PBXResourcesBuildPhase;
			buildActionMask = 2147483647;
			files = (
				4AD263AC249B98EF0004FBA4 /* MBDoubleLinkListViewController.xib in Resources */,
				4A775AD124C18C9C00BB2FF0 /* 数据结构.png in Resources */,
				4A8A796D24A3452200D086E9 /* MBBinaryTreeViewController.xib in Resources */,
				F367DEE924A50EED002556F0 /* MBStringViewController.xib in Resources */,
				4A82A2132497AADF00CD3B5A /* MBSequenceListViewController.xib in Resources */,
				4AD24F24249A33D90004FBA4 /* MBSingleLinkListViewController.xib in Resources */,
				4A82A2062497A10F00CD3B5A /* LaunchScreen.storyboard in Resources */,
				4A82A2032497A10F00CD3B5A /* Assets.xcassets in Resources */,
				4A8A797424A351EF00D086E9 /* MBStackViewController.xib in Resources */,
				4A8A797924A3526300D086E9 /* MBQueueViewController.xib in Resources */,
				4A82A2012497A10A00CD3B5A /* Main.storyboard in Resources */,
			);
			runOnlyForDeploymentPostprocessing = 0;
		};
/* End PBXResourcesBuildPhase section */

/* Begin PBXSourcesBuildPhase section */
		4A82A1EF2497A10A00CD3B5A /* Sources */ = {
			isa = PBXSourcesBuildPhase;
			buildActionMask = 2147483647;
			files = (
				4AE94D5224EFEFB20072B26C /* MBCacheViewController.m in Sources */,
				4A82A1FE2497A10A00CD3B5A /* ViewController.m in Sources */,
				C2849F0729597E01009997F0 /* MBLowestCommonAncestorViewController.mm in Sources */,
				C2DCC8C92B52C77F00BECD88 /* MBGreedyViewController.m in Sources */,
				4A8A797824A3526300D086E9 /* MBQueueViewController.mm in Sources */,
				4A82A2112497AA1400CD3B5A /* MBSequenceListViewController.m in Sources */,
				C2849F0A29597E48009997F0 /* MBDynamicProgrammingViewController.mm in Sources */,
				4A8A796B24A3450000D086E9 /* MBBinaryTreeViewController.mm in Sources */,
				4AD263AA249B984A0004FBA4 /* MBDoubleLinkListViewController.m in Sources */,
				4A8A797324A351EF00D086E9 /* MBStackViewController.mm in Sources */,
				4A82A1F82497A10A00CD3B5A /* AppDelegate.m in Sources */,
				4A82A2092497A10F00CD3B5A /* main.m in Sources */,
				4AD24F23249A33D90004FBA4 /* MBSingleLinkListViewController.m in Sources */,
				4A82A1FB2497A10A00CD3B5A /* SceneDelegate.m in Sources */,
				C2DECDA92B4AB7FD00CEF9BC /* MBBacktrackViewController.m in Sources */,
				F367DEE724A50ECB002556F0 /* MBStringViewController.mm in Sources */,
				4AE9FB2924ED4B2A0072B26C /* MBSortAlgorithmViewController.m in Sources */,
				4AE94D5524EFEFC70072B26C /* MBLRUCache.m in Sources */,
			);
			runOnlyForDeploymentPostprocessing = 0;
		};
/* End PBXSourcesBuildPhase section */

/* Begin PBXVariantGroup section */
		4A82A1FF2497A10A00CD3B5A /* Main.storyboard */ = {
			isa = PBXVariantGroup;
			children = (
				4A82A2002497A10A00CD3B5A /* Base */,
			);
			name = Main.storyboard;
			sourceTree = "<group>";
		};
		4A82A2042497A10F00CD3B5A /* LaunchScreen.storyboard */ = {
			isa = PBXVariantGroup;
			children = (
				4A82A2052497A10F00CD3B5A /* Base */,
			);
			name = LaunchScreen.storyboard;
			sourceTree = "<group>";
		};
/* End PBXVariantGroup section */

/* Begin XCBuildConfiguration section */
		4A82A20A2497A10F00CD3B5A /* Debug */ = {
			isa = XCBuildConfiguration;
			buildSettings = {
				ALWAYS_SEARCH_USER_PATHS = NO;
				CLANG_ANALYZER_NONNULL = YES;
				CLANG_ANALYZER_NUMBER_OBJECT_CONVERSION = YES_AGGRESSIVE;
				CLANG_CXX_LANGUAGE_STANDARD = "gnu++14";
				CLANG_CXX_LIBRARY = "libc++";
				CLANG_ENABLE_MODULES = YES;
				CLANG_ENABLE_OBJC_ARC = YES;
				CLANG_ENABLE_OBJC_WEAK = YES;
				CLANG_WARN_BLOCK_CAPTURE_AUTORELEASING = YES;
				CLANG_WARN_BOOL_CONVERSION = YES;
				CLANG_WARN_COMMA = YES;
				CLANG_WARN_CONSTANT_CONVERSION = YES;
				CLANG_WARN_DEPRECATED_OBJC_IMPLEMENTATIONS = YES;
				CLANG_WARN_DIRECT_OBJC_ISA_USAGE = YES_ERROR;
				CLANG_WARN_DOCUMENTATION_COMMENTS = YES;
				CLANG_WARN_EMPTY_BODY = YES;
				CLANG_WARN_ENUM_CONVERSION = YES;
				CLANG_WARN_INFINITE_RECURSION = YES;
				CLANG_WARN_INT_CONVERSION = YES;
				CLANG_WARN_NON_LITERAL_NULL_CONVERSION = YES;
				CLANG_WARN_OBJC_IMPLICIT_RETAIN_SELF = YES;
				CLANG_WARN_OBJC_LITERAL_CONVERSION = YES;
				CLANG_WARN_OBJC_ROOT_CLASS = YES_ERROR;
				CLANG_WARN_RANGE_LOOP_ANALYSIS = YES;
				CLANG_WARN_STRICT_PROTOTYPES = YES;
				CLANG_WARN_SUSPICIOUS_MOVE = YES;
				CLANG_WARN_UNGUARDED_AVAILABILITY = YES_AGGRESSIVE;
				CLANG_WARN_UNREACHABLE_CODE = YES;
				CLANG_WARN__DUPLICATE_METHOD_MATCH = YES;
				COPY_PHASE_STRIP = NO;
				DEBUG_INFORMATION_FORMAT = dwarf;
				ENABLE_STRICT_OBJC_MSGSEND = YES;
				ENABLE_TESTABILITY = YES;
				GCC_C_LANGUAGE_STANDARD = gnu11;
				GCC_DYNAMIC_NO_PIC = NO;
				GCC_NO_COMMON_BLOCKS = YES;
				GCC_OPTIMIZATION_LEVEL = 0;
				GCC_PREPROCESSOR_DEFINITIONS = (
					"DEBUG=1",
					"$(inherited)",
				);
				GCC_WARN_64_TO_32_BIT_CONVERSION = YES;
				GCC_WARN_ABOUT_RETURN_TYPE = YES_ERROR;
				GCC_WARN_UNDECLARED_SELECTOR = YES;
				GCC_WARN_UNINITIALIZED_AUTOS = YES_AGGRESSIVE;
				GCC_WARN_UNUSED_FUNCTION = YES;
				GCC_WARN_UNUSED_VARIABLE = YES;
				IPHONEOS_DEPLOYMENT_TARGET = 13.5;
				MTL_ENABLE_DEBUG_INFO = INCLUDE_SOURCE;
				MTL_FAST_MATH = YES;
				ONLY_ACTIVE_ARCH = YES;
				SDKROOT = iphoneos;
			};
			name = Debug;
		};
		4A82A20B2497A10F00CD3B5A /* Release */ = {
			isa = XCBuildConfiguration;
			buildSettings = {
				ALWAYS_SEARCH_USER_PATHS = NO;
				CLANG_ANALYZER_NONNULL = YES;
				CLANG_ANALYZER_NUMBER_OBJECT_CONVERSION = YES_AGGRESSIVE;
				CLANG_CXX_LANGUAGE_STANDARD = "gnu++14";
				CLANG_CXX_LIBRARY = "libc++";
				CLANG_ENABLE_MODULES = YES;
				CLANG_ENABLE_OBJC_ARC = YES;
				CLANG_ENABLE_OBJC_WEAK = YES;
				CLANG_WARN_BLOCK_CAPTURE_AUTORELEASING = YES;
				CLANG_WARN_BOOL_CONVERSION = YES;
				CLANG_WARN_COMMA = YES;
				CLANG_WARN_CONSTANT_CONVERSION = YES;
				CLANG_WARN_DEPRECATED_OBJC_IMPLEMENTATIONS = YES;
				CLANG_WARN_DIRECT_OBJC_ISA_USAGE = YES_ERROR;
				CLANG_WARN_DOCUMENTATION_COMMENTS = YES;
				CLANG_WARN_EMPTY_BODY = YES;
				CLANG_WARN_ENUM_CONVERSION = YES;
				CLANG_WARN_INFINITE_RECURSION = YES;
				CLANG_WARN_INT_CONVERSION = YES;
				CLANG_WARN_NON_LITERAL_NULL_CONVERSION = YES;
				CLANG_WARN_OBJC_IMPLICIT_RETAIN_SELF = YES;
				CLANG_WARN_OBJC_LITERAL_CONVERSION = YES;
				CLANG_WARN_OBJC_ROOT_CLASS = YES_ERROR;
				CLANG_WARN_RANGE_LOOP_ANALYSIS = YES;
				CLANG_WARN_STRICT_PROTOTYPES = YES;
				CLANG_WARN_SUSPICIOUS_MOVE = YES;
				CLANG_WARN_UNGUARDED_AVAILABILITY = YES_AGGRESSIVE;
				CLANG_WARN_UNREACHABLE_CODE = YES;
				CLANG_WARN__DUPLICATE_METHOD_MATCH = YES;
				COPY_PHASE_STRIP = NO;
				DEBUG_INFORMATION_FORMAT = "dwarf-with-dsym";
				ENABLE_NS_ASSERTIONS = NO;
				ENABLE_STRICT_OBJC_MSGSEND = YES;
				GCC_C_LANGUAGE_STANDARD = gnu11;
				GCC_NO_COMMON_BLOCKS = YES;
				GCC_WARN_64_TO_32_BIT_CONVERSION = YES;
				GCC_WARN_ABOUT_RETURN_TYPE = YES_ERROR;
				GCC_WARN_UNDECLARED_SELECTOR = YES;
				GCC_WARN_UNINITIALIZED_AUTOS = YES_AGGRESSIVE;
				GCC_WARN_UNUSED_FUNCTION = YES;
				GCC_WARN_UNUSED_VARIABLE = YES;
				IPHONEOS_DEPLOYMENT_TARGET = 13.5;
				MTL_ENABLE_DEBUG_INFO = NO;
				MTL_FAST_MATH = YES;
				SDKROOT = iphoneos;
				VALIDATE_PRODUCT = YES;
			};
			name = Release;
		};
		4A82A20D2497A10F00CD3B5A /* Debug */ = {
			isa = XCBuildConfiguration;
			buildSettings = {
				ASSETCATALOG_COMPILER_APPICON_NAME = AppIcon;
				CODE_SIGN_STYLE = Automatic;
				DEVELOPMENT_TEAM = ZW2AQ67NC5;
				INFOPLIST_FILE = DataStructure/Info.plist;
				IPHONEOS_DEPLOYMENT_TARGET = 9.0;
				LD_RUNPATH_SEARCH_PATHS = (
					"$(inherited)",
					"@executable_path/Frameworks",
				);
				PRODUCT_BUNDLE_IDENTIFIER = com.inke.datastructure;
				PRODUCT_NAME = "$(TARGET_NAME)";
				TARGETED_DEVICE_FAMILY = 1;
			};
			name = Debug;
		};
		4A82A20E2497A10F00CD3B5A /* Release */ = {
			isa = XCBuildConfiguration;
			buildSettings = {
				ASSETCATALOG_COMPILER_APPICON_NAME = AppIcon;
				CODE_SIGN_STYLE = Automatic;
				DEVELOPMENT_TEAM = ZW2AQ67NC5;
				INFOPLIST_FILE = DataStructure/Info.plist;
				IPHONEOS_DEPLOYMENT_TARGET = 9.0;
				LD_RUNPATH_SEARCH_PATHS = (
					"$(inherited)",
					"@executable_path/Frameworks",
				);
				PRODUCT_BUNDLE_IDENTIFIER = com.inke.datastructure;
				PRODUCT_NAME = "$(TARGET_NAME)";
				TARGETED_DEVICE_FAMILY = 1;
			};
			name = Release;
		};
/* End XCBuildConfiguration section */

/* Begin XCConfigurationList section */
		4A82A1EE2497A10A00CD3B5A /* Build configuration list for PBXProject "DataStructure" */ = {
			isa = XCConfigurationList;
			buildConfigurations = (
				4A82A20A2497A10F00CD3B5A /* Debug */,
				4A82A20B2497A10F00CD3B5A /* Release */,
			);
			defaultConfigurationIsVisible = 0;
			defaultConfigurationName = Release;
		};
		4A82A20C2497A10F00CD3B5A /* Build configuration list for PBXNativeTarget "DataStructure" */ = {
			isa = XCConfigurationList;
			buildConfigurations = (
				4A82A20D2497A10F00CD3B5A /* Debug */,
				4A82A20E2497A10F00CD3B5A /* Release */,
			);
			defaultConfigurationIsVisible = 0;
			defaultConfigurationName = Release;
		};
/* End XCConfigurationList section */
	};
	rootObject = 4A82A1EB2497A10A00CD3B5A /* Project object */;
}
